
Microsoft Visual Studio Solution File, Format Version 12.00
# Visual Studio Version 17
VisualStudioVersion = 17.11.35303.130
MinimumVisualStudioVersion = 10.0.40219.1
Project("{FAE04EC0-301F-11D3-BF4B-00C04F79EFBC}") = "BBDDInterfaces", "BBDDInterfaces\BBDDInterfaces.csproj", "{A407200C-393E-4E71-8FC7-278226FA0456}"
EndProject
Global
	GlobalSection(SolutionConfigurationPlatforms) = preSolution
		Debug|Any CPU = Debug|Any CPU
		Release|Any CPU = Release|Any CPU
	EndGlobalSection
	GlobalSection(ProjectConfigurationPlatforms) = postSolution
		{A407200C-393E-4E71-8FC7-278226FA0456}.Debug|Any CPU.ActiveCfg = Debug|Any CPU
		{A407200C-393E-4E71-8FC7-278226FA0456}.Debug|Any CPU.Build.0 = Debug|Any CPU
		{A407200C-393E-4E71-8FC7-278226FA0456}.Release|Any CPU.ActiveCfg = Release|Any CPU
		{A407200C-393E-4E71-8FC7-278226FA0456}.Release|Any CPU.Build.0 = Release|Any CPU
	EndGlobalSection
	GlobalSection(SolutionProperties) = preSolution
		HideSolutionNode = FALSE
	EndGlobalSection
	GlobalSection(ExtensibilityGlobals) = postSolution
		SolutionGuid = {BC44174D-D2BB-447C-A64F-EC172A75D04F}
	EndGlobalSection
EndGlobal
